
Microsoft Visual Studio Solution File, Format Version 12.00
# Visual Studio Version 17
VisualStudioVersion = 17.5.33516.290
MinimumVisualStudioVersion = 10.0.40219.1
Project("{9A19103F-16F7-4668-BE54-9A1E7A4F7556}") = "Pro", "Pro\Pro.csproj", "{F4963AAD-F0A8-4DDA-8D2A-4B19772F2DA2}"
EndProject
Global
	GlobalSection(SolutionConfigurationPlatforms) = preSolution
		Debug|Any CPU = Debug|Any CPU
		Release|Any CPU = Release|Any CPU
	EndGlobalSection
	GlobalSection(ProjectConfigurationPlatforms) = postSolution
		{F4963AAD-F0A8-4DDA-8D2A-4B19772F2DA2}.Debug|Any CPU.ActiveCfg = Debug|Any CPU
		{F4963AAD-F0A8-4DDA-8D2A-4B19772F2DA2}.Debug|Any CPU.Build.0 = Debug|Any CPU
		{F4963AAD-F0A8-4DDA-8D2A-4B19772F2DA2}.Release|Any CPU.ActiveCfg = Release|Any CPU
		{F4963AAD-F0A8-4DDA-8D2A-4B19772F2DA2}.Release|Any CPU.Build.0 = Release|Any CPU
	EndGlobalSection
	GlobalSection(SolutionProperties) = preSolution
		HideSolutionNode = FALSE
	EndGlobalSection
	GlobalSection(ExtensibilityGlobals) = postSolution
		SolutionGuid = {B9C161E4-198A-4C30-BA29-7841604F8803}
	EndGlobalSection
EndGlobal
